
Microsoft Visual Studio Solution File, Format Version 12.00
# Visual Studio Version 17
VisualStudioVersion = 17.4.33110.190
MinimumVisualStudioVersion = 10.0.40219.1
Project("{FAE04EC0-301F-11D3-BF4B-00C04F79EFBC}") = "Francony_Morel", "Francony_Morel\Francony_Morel.csproj", "{B0A53E75-B86F-4225-83DF-4A120C5651A2}"
EndProject
Global
	GlobalSection(SolutionConfigurationPlatforms) = preSolution
		Debug|Any CPU = Debug|Any CPU
		Release|Any CPU = Release|Any CPU
	EndGlobalSection
	GlobalSection(ProjectConfigurationPlatforms) = postSolution
		{B0A53E75-B86F-4225-83DF-4A120C5651A2}.Debug|Any CPU.ActiveCfg = Debug|Any CPU
		{B0A53E75-B86F-4225-83DF-4A120C5651A2}.Debug|Any CPU.Build.0 = Debug|Any CPU
		{B0A53E75-B86F-4225-83DF-4A120C5651A2}.Release|Any CPU.ActiveCfg = Release|Any CPU
		{B0A53E75-B86F-4225-83DF-4A120C5651A2}.Release|Any CPU.Build.0 = Release|Any CPU
	EndGlobalSection
	GlobalSection(SolutionProperties) = preSolution
		HideSolutionNode = FALSE
	EndGlobalSection
	GlobalSection(ExtensibilityGlobals) = postSolution
		SolutionGuid = {91E2EAB2-076B-47C7-ADBA-09C4BB730705}
	EndGlobalSection
EndGlobal
